
Microsoft Visual Studio Solution File, Format Version 12.00
# Visual Studio Version 17
VisualStudioVersion = 17.0.32014.148
MinimumVisualStudioVersion = 10.0.40219.1
Project("{FAE04EC0-301F-11D3-BF4B-00C04F79EFBC}") = "WMXconnectPython", "WMXClassFile\WMXconnectPython.csproj", "{7C31BA4C-DB3B-4EF3-A3CF-87B4FBF1C035}"
EndProject
Global
	GlobalSection(SolutionConfigurationPlatforms) = preSolution
		Debug|Any CPU = Debug|Any CPU
		Release|Any CPU = Release|Any CPU
	EndGlobalSection
	GlobalSection(ProjectConfigurationPlatforms) = postSolution
		{7C31BA4C-DB3B-4EF3-A3CF-87B4FBF1C035}.Debug|Any CPU.ActiveCfg = Debug|Any CPU
		{7C31BA4C-DB3B-4EF3-A3CF-87B4FBF1C035}.Debug|Any CPU.Build.0 = Debug|Any CPU
		{7C31BA4C-DB3B-4EF3-A3CF-87B4FBF1C035}.Release|Any CPU.ActiveCfg = Release|Any CPU
		{7C31BA4C-DB3B-4EF3-A3CF-87B4FBF1C035}.Release|Any CPU.Build.0 = Release|Any CPU
	EndGlobalSection
	GlobalSection(SolutionProperties) = preSolution
		HideSolutionNode = FALSE
	EndGlobalSection
	GlobalSection(ExtensibilityGlobals) = postSolution
		SolutionGuid = {2E8F4FDC-81FC-4154-9C09-7B674EC43AFE}
	EndGlobalSection
EndGlobal
